{
  "name": "board-ui",
  "version": "1.0.0",
  "lockfileVersion": 3,
  "requires": true,
  "packages": {
    "": {
      "name": "board-ui",
      "version": "1.0.0",
      "license": "GPL-3.0",
      "dependencies": {
        "shogi.js": "^5.5.0",
        "yaneuraou.wasm": "^0.1.2"
      }
    },
    "node_modules/shogi.js": {
      "version": "5.5.0",
      "resolved": "https://registry.npmjs.org/shogi.js/-/shogi.js-5.5.0.tgz",
      "integrity": "sha512-Ykki+EeuyHGEv+gvIDMvh8L7GIWmSH8K8J9hF/R6h4fJsS0nFWGPgyMjLCs2AkwTre8eoB+u7Jo51CnbV2i89Q==",
      "license": "MIT"
    },
    "node_modules/yaneuraou.wasm": {
      "version": "0.1.2",
      "resolved": "https://registry.npmjs.org/yaneuraou.wasm/-/yaneuraou.wasm-0.1.2.tgz",
      "integrity": "sha512-EJ0hSSeTcWNhNmgajoOTiPw71tMtTZP/mDKj4mAYuJf/RUnGBjVFms4eVf2Qt7nTPp3CKkrZu+5lDyufSuohSg==",
      "license": "GPL-3.0"
    }
  }
}
