{
  "name": "m0-verification-suisho5",
  "version": "1.0.0",
  "lockfileVersion": 3,
  "requires": true,
  "packages": {
    "": {
      "name": "m0-verification-suisho5",
      "version": "1.0.0",
      "license": "ISC",
      "dependencies": {
        "@mizarjp/yaneuraou.halfkp": "^7.6.3-alpha.0"
      }
    },
    "node_modules/@mizarjp/yaneuraou.halfkp": {
      "version": "7.6.3-alpha.0",
      "resolved": "https://registry.npmjs.org/@mizarjp/yaneuraou.halfkp/-/yaneuraou.halfkp-7.6.3-alpha.0.tgz",
      "integrity": "sha512-nEzNy3c2W0BnJXdmOGo+m7pLlourIAAqihNpRURRieCBYolxtMtTh/48wFKWXR/8GcUAiTmAovL8Uyo4gQn3VA==",
      "license": "GPL-3.0",
      "bin": {
        "usi.halfkp": "usi.halfkp.js"
      }
    }
  }
}
